
Microsoft Visual Studio Solution File, Format Version 12.00
# Visual Studio Version 16
VisualStudioVersion = 16.0.30711.63
MinimumVisualStudioVersion = 10.0.40219.1
Project("{9A19103F-16F7-4668-BE54-9A1E7A4F7556}") = "Api_URL", "Api_URL\Api_URL.csproj", "{55DE1854-3014-481E-AE00-09C6DEA84359}"
EndProject
Global
	GlobalSection(SolutionConfigurationPlatforms) = preSolution
		Debug|Any CPU = Debug|Any CPU
		Release|Any CPU = Release|Any CPU
	EndGlobalSection
	GlobalSection(ProjectConfigurationPlatforms) = postSolution
		{55DE1854-3014-481E-AE00-09C6DEA84359}.Debug|Any CPU.ActiveCfg = Debug|Any CPU
		{55DE1854-3014-481E-AE00-09C6DEA84359}.Debug|Any CPU.Build.0 = Debug|Any CPU
		{55DE1854-3014-481E-AE00-09C6DEA84359}.Release|Any CPU.ActiveCfg = Release|Any CPU
		{55DE1854-3014-481E-AE00-09C6DEA84359}.Release|Any CPU.Build.0 = Release|Any CPU
	EndGlobalSection
	GlobalSection(SolutionProperties) = preSolution
		HideSolutionNode = FALSE
	EndGlobalSection
	GlobalSection(ExtensibilityGlobals) = postSolution
		SolutionGuid = {37C0925D-B3AA-46AD-8DF4-8FA880253109}
	EndGlobalSection
EndGlobal
